<?xml version="1.0" encoding="UTF-8" standalone="yes" ?>
<CodeBlocks_project_file>
   <FileVersion major="1" minor="6" />
   <Project>
      <Option title="SOIL" />
      <Option makefile_is_custom="1" />
      <Option compiler="gcc" />
      <Option virtualFolders="CMake Files\;CMake Files\glfw\;CMake Files\glfw\src\;CMake Files\SOIL\;CMake Files\cmake\;" />
      <Build>
      <Target title="all">
         <Option working_dir="/home/tony/Documents/mg/decimation_correction/SOIL" />
         <Option type="4" />
         <MakeCommands>
            <Build command="/usr/bin/make -f &quot;/home/tony/Documents/mg/decimation_correction/SOIL/Makefile&quot;  VERBOSE=1 all" />
            <CompileFile command="/usr/bin/make -f &quot;/home/tony/Documents/mg/decimation_correction/SOIL/Makefile&quot;  VERBOSE=1 &quot;$file&quot;" />
            <Clean command="/usr/bin/make -f &quot;/home/tony/Documents/mg/decimation_correction/SOIL/Makefile&quot;  VERBOSE=1 clean" />
            <DistClean command="/usr/bin/make -f &quot;/home/tony/Documents/mg/decimation_correction/SOIL/Makefile&quot;  VERBOSE=1 clean" />
         </MakeCommands>
      </Target>
      <Target title="SOIL">
         <Option output="/home/tony/Documents/mg/decimation_correction/SOIL/libSOIL.a" prefix_auto="0" extension_auto="0" />
         <Option working_dir="/home/tony/Documents/mg/decimation_correction/SOIL" />
         <Option object_output="./" />
         <Option type="2" />
         <Option compiler="gcc" />
         <Compiler>
         </Compiler>
         <MakeCommands>
            <Build command="/usr/bin/make -f &quot;/home/tony/Documents/mg/decimation_correction/SOIL/Makefile&quot;  VERBOSE=1 SOIL" />
            <CompileFile command="/usr/bin/make -f &quot;/home/tony/Documents/mg/decimation_correction/SOIL/Makefile&quot;  VERBOSE=1 &quot;$file&quot;" />
            <Clean command="/usr/bin/make -f &quot;/home/tony/Documents/mg/decimation_correction/SOIL/Makefile&quot;  VERBOSE=1 clean" />
            <DistClean command="/usr/bin/make -f &quot;/home/tony/Documents/mg/decimation_correction/SOIL/Makefile&quot;  VERBOSE=1 clean" />
         </MakeCommands>
      </Target>
      <Target title="SOIL/fast">
         <Option output="/home/tony/Documents/mg/decimation_correction/SOIL/libSOIL.a" prefix_auto="0" extension_auto="0" />
         <Option working_dir="/home/tony/Documents/mg/decimation_correction/SOIL" />
         <Option object_output="./" />
         <Option type="2" />
         <Option compiler="gcc" />
         <Compiler>
         </Compiler>
         <MakeCommands>
            <Build command="/usr/bin/make -f &quot;/home/tony/Documents/mg/decimation_correction/SOIL/Makefile&quot;  VERBOSE=1 SOIL/fast" />
            <CompileFile command="/usr/bin/make -f &quot;/home/tony/Documents/mg/decimation_correction/SOIL/Makefile&quot;  VERBOSE=1 &quot;$file&quot;" />
            <Clean command="/usr/bin/make -f &quot;/home/tony/Documents/mg/decimation_correction/SOIL/Makefile&quot;  VERBOSE=1 clean" />
            <DistClean command="/usr/bin/make -f &quot;/home/tony/Documents/mg/decimation_correction/SOIL/Makefile&quot;  VERBOSE=1 clean" />
         </MakeCommands>
      </Target>
      </Build>
      <Unit filename="/home/tony/Documents/mg/decimation_correction/SOIL/src/SOIL2.c">
      </Unit>
      <Unit filename="/home/tony/Documents/mg/decimation_correction/SOIL/src/etc1_utils.c">
      </Unit>
      <Unit filename="/home/tony/Documents/mg/decimation_correction/SOIL/src/image_DXT.c">
      </Unit>
      <Unit filename="/home/tony/Documents/mg/decimation_correction/SOIL/src/image_helper.c">
      </Unit>
      <Unit filename="/home/tony/Documents/mg/decimation_correction/SOIL/src/stb_image.c">
      </Unit>
      <Unit filename="/home/tony/Documents/mg/decimation_correction/SOIL/src/stb_image_write.c">
      </Unit>
      <Unit filename="/home/tony/Documents/mg/decimation_correction/SOIL/src/SOIL2.h">
      </Unit>
      <Unit filename="/home/tony/Documents/mg/decimation_correction/SOIL/src/etc1_utils.h">
      </Unit>
      <Unit filename="/home/tony/Documents/mg/decimation_correction/SOIL/src/image_DXT.h">
      </Unit>
      <Unit filename="/home/tony/Documents/mg/decimation_correction/SOIL/src/image_helper.h">
      </Unit>
      <Unit filename="/home/tony/Documents/mg/decimation_correction/SOIL/src/pkm_helper.h">
      </Unit>
      <Unit filename="/home/tony/Documents/mg/decimation_correction/SOIL/src/pvr_helper.h">
      </Unit>
      <Unit filename="/home/tony/Documents/mg/decimation_correction/SOIL/src/stb_image.h">
      </Unit>
      <Unit filename="/home/tony/Documents/mg/decimation_correction/SOIL/src/stb_image_write.h">
      </Unit>
      <Unit filename="/home/tony/Documents/mg/decimation_correction/SOIL/src/stbi_DDS.h">
      </Unit>
      <Unit filename="/home/tony/Documents/mg/decimation_correction/SOIL/src/stbi_DDS_c.h">
      </Unit>
      <Unit filename="/home/tony/Documents/mg/decimation_correction/SOIL/src/stbi_ext.h">
      </Unit>
      <Unit filename="/home/tony/Documents/mg/decimation_correction/SOIL/src/stbi_ext_c.h">
      </Unit>
      <Unit filename="/home/tony/Documents/mg/decimation_correction/SOIL/src/stbi_pkm.h">
      </Unit>
      <Unit filename="/home/tony/Documents/mg/decimation_correction/SOIL/src/stbi_pkm_c.h">
      </Unit>
      <Unit filename="/home/tony/Documents/mg/decimation_correction/SOIL/src/stbi_pvr.h">
      </Unit>
      <Unit filename="/home/tony/Documents/mg/decimation_correction/SOIL/src/stbi_pvr_c.h">
      </Unit>
      <Unit filename="/home/tony/Documents/mg/decimation_correction/CMakeLists.txt">
          <Option virtualFolder="CMake Files\" />
      </Unit>
      <Unit filename="/home/tony/Documents/mg/decimation_correction/glfw/CMakeLists.txt">
          <Option virtualFolder="CMake Files\glfw\" />
      </Unit>
      <Unit filename="/home/tony/Documents/mg/decimation_correction/glfw/cmake_uninstall.cmake.in">
          <Option virtualFolder="CMake Files\glfw\" />
      </Unit>
      <Unit filename="/home/tony/Documents/mg/decimation_correction/glfw/CMakeLists.txt">
          <Option virtualFolder="CMake Files\glfw\" />
      </Unit>
      <Unit filename="/home/tony/Documents/mg/decimation_correction/glfw/cmake_uninstall.cmake.in">
          <Option virtualFolder="CMake Files\glfw\" />
      </Unit>
      <Unit filename="/home/tony/Documents/mg/decimation_correction/glfw/src/glfw_config.h.in">
          <Option virtualFolder="CMake Files\glfw\src\" />
      </Unit>
      <Unit filename="/home/tony/Documents/mg/decimation_correction/glfw/src/glfwConfig.cmake.in">
          <Option virtualFolder="CMake Files\glfw\src\" />
      </Unit>
      <Unit filename="/home/tony/Documents/mg/decimation_correction/glfw/src/glfwConfigVersion.cmake.in">
          <Option virtualFolder="CMake Files\glfw\src\" />
      </Unit>
      <Unit filename="/home/tony/Documents/mg/decimation_correction/glfw/src/glfw3.pc.in">
          <Option virtualFolder="CMake Files\glfw\src\" />
      </Unit>
      <Unit filename="/home/tony/Documents/mg/decimation_correction/glfw/src/CMakeLists.txt">
          <Option virtualFolder="CMake Files\glfw\src\" />
      </Unit>
      <Unit filename="/home/tony/Documents/mg/decimation_correction/glfw/src/glfw_config.h.in">
          <Option virtualFolder="CMake Files\glfw\src\" />
      </Unit>
      <Unit filename="/home/tony/Documents/mg/decimation_correction/glfw/src/glfwConfig.cmake.in">
          <Option virtualFolder="CMake Files\glfw\src\" />
      </Unit>
      <Unit filename="/home/tony/Documents/mg/decimation_correction/glfw/src/glfwConfigVersion.cmake.in">
          <Option virtualFolder="CMake Files\glfw\src\" />
      </Unit>
      <Unit filename="/home/tony/Documents/mg/decimation_correction/glfw/src/glfw3.pc.in">
          <Option virtualFolder="CMake Files\glfw\src\" />
      </Unit>
      <Unit filename="/home/tony/Documents/mg/decimation_correction/glfw/src/CMakeLists.txt">
          <Option virtualFolder="CMake Files\glfw\src\" />
      </Unit>
      <Unit filename="/home/tony/Documents/mg/decimation_correction/SOIL/CMakeLists.txt">
          <Option virtualFolder="CMake Files\SOIL\" />
      </Unit>
      <Unit filename="/home/tony/Documents/mg/decimation_correction/SOIL/CMakeLists.txt">
          <Option virtualFolder="CMake Files\SOIL\" />
      </Unit>
      <Unit filename="/home/tony/Documents/mg/decimation_correction/cmake/FindEigen3.cmake">
          <Option virtualFolder="CMake Files\cmake\" />
      </Unit>
   </Project>
</CodeBlocks_project_file>
